{
    "hash": "8180d45386cb3f9446d7a9ea86a65789",
    "packages": [

    ],
    "packages-dev": [
        {
            "name": "liip/rmt",
            "version": "0.9.4",
            "source": {
                "type": "git",
                "url": "https://github.com/liip/RMT",
                "reference": "0.9.4"
            },
            "dist": {
                "type": "zip",
                "url": "https://api.github.com/repos/liip/RMT/zipball/0.9.4",
                "reference": "0.9.4",
                "shasum": ""
            },
            "require": {
                "php": ">=5.2.0",
                "symfony/console": "2.0.*"
            },
            "time": "2013-02-07 06:07:38",
            "type": "library",
            "autoload": {
                "psr-0": {
                    "Liip": "src"
                }
            },
            "notification-url": "https://packagist.org/downloads/",
            "license": [
                "MIT"
            ],
            "authors": [
                {
                    "name": "Laurent Prodon",
                    "email": "laurent.prodon@liip.ch",
                    "role": "Developer"
                },
                {
                    "name": "David Jeanmonod",
                    "email": "david.jeanmonod@liip.ch",
                    "role": "Developer"
                }
            ],
            "description": "Release Managment Tool",
            "homepage": "http://github.com/liip/RMT",
            "keywords": [
                "version",
                "release",
                "semantic versioning",
                "vcs tag"
            ]
        },
        {
            "name": "symfony/console",
            "version": "2.0.x-dev",
            "target-dir": "Symfony/Component/Console",
            "source": {
                "type": "git",
                "url": "https://github.com/symfony/Console",
                "reference": "v2.0.22"
            },
            "dist": {
                "type": "zip",
                "url": "https://api.github.com/repos/symfony/Console/zipball/v2.0.22",
                "reference": "v2.0.22",
                "shasum": ""
            },
            "require": {
                "php": ">=5.3.2"
            },
            "time": "2013-01-11 13:49:52",
            "type": "library",
            "autoload": {
                "psr-0": {
                    "Symfony\\Component\\Console": ""
                }
            },
            "notification-url": "https://packagist.org/downloads/",
            "license": [
                "MIT"
            ],
            "authors": [
                {
                    "name": "Fabien Potencier",
                    "email": "fabien@symfony.com"
                },
                {
                    "name": "Symfony Community",
                    "homepage": "http://symfony.com/contributors"
                }
            ],
            "description": "Symfony Console Component",
            "homepage": "http://symfony.com"
        }
    ],
    "aliases": [

    ],
    "minimum-stability": "dev",
    "stability-flags": [

    ]
}
